
Microsoft Visual Studio Solution File, Format Version 12.00
# Visual Studio Version 17
VisualStudioVersion = 17.11.35327.3
MinimumVisualStudioVersion = 10.0.40219.1
Project("{9A19103F-16F7-4668-BE54-9A1E7A4F7556}") = "OMA-API", "OMA-API\OMA-API.csproj", "{6B3D05CD-B5F1-4C88-9252-9DFE8B4CFD3D}"
EndProject
Project("{9A19103F-16F7-4668-BE54-9A1E7A4F7556}") = "OMA-Data", "OMA-Data\OMA-Data.csproj", "{EC1EACCE-3DDD-4E17-8FC8-34462C967097}"
EndProject
Global
	GlobalSection(SolutionConfigurationPlatforms) = preSolution
		Debug|Any CPU = Debug|Any CPU
		Release|Any CPU = Release|Any CPU
	EndGlobalSection
	GlobalSection(ProjectConfigurationPlatforms) = postSolution
		{6B3D05CD-B5F1-4C88-9252-9DFE8B4CFD3D}.Debug|Any CPU.ActiveCfg = Debug|Any CPU
		{6B3D05CD-B5F1-4C88-9252-9DFE8B4CFD3D}.Debug|Any CPU.Build.0 = Debug|Any CPU
		{6B3D05CD-B5F1-4C88-9252-9DFE8B4CFD3D}.Release|Any CPU.ActiveCfg = Release|Any CPU
		{6B3D05CD-B5F1-4C88-9252-9DFE8B4CFD3D}.Release|Any CPU.Build.0 = Release|Any CPU
		{EC1EACCE-3DDD-4E17-8FC8-34462C967097}.Debug|Any CPU.ActiveCfg = Debug|Any CPU
		{EC1EACCE-3DDD-4E17-8FC8-34462C967097}.Debug|Any CPU.Build.0 = Debug|Any CPU
		{EC1EACCE-3DDD-4E17-8FC8-34462C967097}.Release|Any CPU.ActiveCfg = Release|Any CPU
		{EC1EACCE-3DDD-4E17-8FC8-34462C967097}.Release|Any CPU.Build.0 = Release|Any CPU
	EndGlobalSection
	GlobalSection(SolutionProperties) = preSolution
		HideSolutionNode = FALSE
	EndGlobalSection
	GlobalSection(ExtensibilityGlobals) = postSolution
		SolutionGuid = {F01209D9-CF7A-4AB1-A9BF-D53EFB7B0C94}
	EndGlobalSection
EndGlobal
